
Microsoft Visual Studio Solution File, Format Version 12.00
# Visual Studio 2012
Project("{FAE04EC0-301F-11D3-BF4B-00C04F79EFBC}") = "snake_game", "snake_game\snake_game.csproj", "{476DA80F-DC9E-431D-81C5-5B6EE9C5201A}"
EndProject
Project("{2150E333-8FDC-42A3-9474-1A3956D46DE8}") = "Bonuses", "Bonuses", "{6AFC3D68-21FD-4385-957E-41861E72BFCA}"
EndProject
Project("{FAE04EC0-301F-11D3-BF4B-00C04F79EFBC}") = "AppleBonus", "AppleBonus\AppleBonus.csproj", "{A4BC97F9-EA94-4D53-B6C0-C7D3EC3EAE5D}"
EndProject
Project("{FAE04EC0-301F-11D3-BF4B-00C04F79EFBC}") = "BrickBonus", "BrickBonus\BrickBonus.csproj", "{2F79BBAE-C7F2-4406-B174-AF440ABCBC2C}"
EndProject
Project("{FAE04EC0-301F-11D3-BF4B-00C04F79EFBC}") = "AntiAppleBonus", "AntiAppleBonus\AntiAppleBonus.csproj", "{B5CC4602-3E00-4EF8-BDB7-62EFFC5A0E0D}"
EndProject
Project("{FAE04EC0-301F-11D3-BF4B-00C04F79EFBC}") = "AntiBrick", "AntiBrick\AntiBrick.csproj", "{7DE435BC-0276-4FB9-974C-31E7EA7800BE}"
EndProject
Project("{FAE04EC0-301F-11D3-BF4B-00C04F79EFBC}") = "Snake", "Snake\Snake.csproj", "{DD7C6E22-4FA6-4898-AFF9-8EF71DE99B7A}"
EndProject
Project("{FAE04EC0-301F-11D3-BF4B-00C04F79EFBC}") = "Launcher", "Launcher\Launcher.csproj", "{B8B24C11-6044-43A4-8C69-3BFB0771D2F1}"
EndProject
Global
	GlobalSection(SolutionConfigurationPlatforms) = preSolution
		Debug|Any CPU = Debug|Any CPU
		Release|Any CPU = Release|Any CPU
	EndGlobalSection
	GlobalSection(ProjectConfigurationPlatforms) = postSolution
		{476DA80F-DC9E-431D-81C5-5B6EE9C5201A}.Debug|Any CPU.ActiveCfg = Debug|Any CPU
		{476DA80F-DC9E-431D-81C5-5B6EE9C5201A}.Debug|Any CPU.Build.0 = Debug|Any CPU
		{476DA80F-DC9E-431D-81C5-5B6EE9C5201A}.Release|Any CPU.ActiveCfg = Release|Any CPU
		{476DA80F-DC9E-431D-81C5-5B6EE9C5201A}.Release|Any CPU.Build.0 = Release|Any CPU
		{A4BC97F9-EA94-4D53-B6C0-C7D3EC3EAE5D}.Debug|Any CPU.ActiveCfg = Debug|Any CPU
		{A4BC97F9-EA94-4D53-B6C0-C7D3EC3EAE5D}.Debug|Any CPU.Build.0 = Debug|Any CPU
		{A4BC97F9-EA94-4D53-B6C0-C7D3EC3EAE5D}.Release|Any CPU.ActiveCfg = Release|Any CPU
		{A4BC97F9-EA94-4D53-B6C0-C7D3EC3EAE5D}.Release|Any CPU.Build.0 = Release|Any CPU
		{2F79BBAE-C7F2-4406-B174-AF440ABCBC2C}.Debug|Any CPU.ActiveCfg = Debug|Any CPU
		{2F79BBAE-C7F2-4406-B174-AF440ABCBC2C}.Debug|Any CPU.Build.0 = Debug|Any CPU
		{2F79BBAE-C7F2-4406-B174-AF440ABCBC2C}.Release|Any CPU.ActiveCfg = Release|Any CPU
		{2F79BBAE-C7F2-4406-B174-AF440ABCBC2C}.Release|Any CPU.Build.0 = Release|Any CPU
		{B5CC4602-3E00-4EF8-BDB7-62EFFC5A0E0D}.Debug|Any CPU.ActiveCfg = Debug|Any CPU
		{B5CC4602-3E00-4EF8-BDB7-62EFFC5A0E0D}.Debug|Any CPU.Build.0 = Debug|Any CPU
		{B5CC4602-3E00-4EF8-BDB7-62EFFC5A0E0D}.Release|Any CPU.ActiveCfg = Release|Any CPU
		{B5CC4602-3E00-4EF8-BDB7-62EFFC5A0E0D}.Release|Any CPU.Build.0 = Release|Any CPU
		{7DE435BC-0276-4FB9-974C-31E7EA7800BE}.Debug|Any CPU.ActiveCfg = Debug|Any CPU
		{7DE435BC-0276-4FB9-974C-31E7EA7800BE}.Debug|Any CPU.Build.0 = Debug|Any CPU
		{7DE435BC-0276-4FB9-974C-31E7EA7800BE}.Release|Any CPU.ActiveCfg = Release|Any CPU
		{7DE435BC-0276-4FB9-974C-31E7EA7800BE}.Release|Any CPU.Build.0 = Release|Any CPU
		{DD7C6E22-4FA6-4898-AFF9-8EF71DE99B7A}.Debug|Any CPU.ActiveCfg = Debug|Any CPU
		{DD7C6E22-4FA6-4898-AFF9-8EF71DE99B7A}.Debug|Any CPU.Build.0 = Debug|Any CPU
		{DD7C6E22-4FA6-4898-AFF9-8EF71DE99B7A}.Release|Any CPU.ActiveCfg = Release|Any CPU
		{DD7C6E22-4FA6-4898-AFF9-8EF71DE99B7A}.Release|Any CPU.Build.0 = Release|Any CPU
		{B8B24C11-6044-43A4-8C69-3BFB0771D2F1}.Debug|Any CPU.ActiveCfg = Debug|Any CPU
		{B8B24C11-6044-43A4-8C69-3BFB0771D2F1}.Debug|Any CPU.Build.0 = Debug|Any CPU
		{B8B24C11-6044-43A4-8C69-3BFB0771D2F1}.Release|Any CPU.ActiveCfg = Release|Any CPU
		{B8B24C11-6044-43A4-8C69-3BFB0771D2F1}.Release|Any CPU.Build.0 = Release|Any CPU
	EndGlobalSection
	GlobalSection(SolutionProperties) = preSolution
		HideSolutionNode = FALSE
	EndGlobalSection
	GlobalSection(NestedProjects) = preSolution
		{A4BC97F9-EA94-4D53-B6C0-C7D3EC3EAE5D} = {6AFC3D68-21FD-4385-957E-41861E72BFCA}
		{2F79BBAE-C7F2-4406-B174-AF440ABCBC2C} = {6AFC3D68-21FD-4385-957E-41861E72BFCA}
		{B5CC4602-3E00-4EF8-BDB7-62EFFC5A0E0D} = {6AFC3D68-21FD-4385-957E-41861E72BFCA}
		{7DE435BC-0276-4FB9-974C-31E7EA7800BE} = {6AFC3D68-21FD-4385-957E-41861E72BFCA}
		{DD7C6E22-4FA6-4898-AFF9-8EF71DE99B7A} = {6AFC3D68-21FD-4385-957E-41861E72BFCA}
	EndGlobalSection
EndGlobal
